
Microsoft Visual Studio Solution File, Format Version 12.00
# Visual Studio Version 17
VisualStudioVersion = 17.11.35312.102
MinimumVisualStudioVersion = 10.0.40219.1
Project("{8BC9CEB8-8B4A-11D0-8D11-00A0C91BC942}") = "Dispetcher", "Dispetcher\Dispetcher.vcxproj", "{1D52CD01-A781-4F3E-9D9E-68A8E4523EF0}"
EndProject
Global
	GlobalSection(SolutionConfigurationPlatforms) = preSolution
		Debug|x64 = Debug|x64
		Debug|x86 = Debug|x86
		Release|x64 = Release|x64
		Release|x86 = Release|x86
	EndGlobalSection
	GlobalSection(ProjectConfigurationPlatforms) = postSolution
		{1D52CD01-A781-4F3E-9D9E-68A8E4523EF0}.Debug|x64.ActiveCfg = Debug|x64
		{1D52CD01-A781-4F3E-9D9E-68A8E4523EF0}.Debug|x64.Build.0 = Debug|x64
		{1D52CD01-A781-4F3E-9D9E-68A8E4523EF0}.Debug|x86.ActiveCfg = Debug|Win32
		{1D52CD01-A781-4F3E-9D9E-68A8E4523EF0}.Debug|x86.Build.0 = Debug|Win32
		{1D52CD01-A781-4F3E-9D9E-68A8E4523EF0}.Release|x64.ActiveCfg = Release|x64
		{1D52CD01-A781-4F3E-9D9E-68A8E4523EF0}.Release|x64.Build.0 = Release|x64
		{1D52CD01-A781-4F3E-9D9E-68A8E4523EF0}.Release|x86.ActiveCfg = Release|Win32
		{1D52CD01-A781-4F3E-9D9E-68A8E4523EF0}.Release|x86.Build.0 = Release|Win32
	EndGlobalSection
	GlobalSection(SolutionProperties) = preSolution
		HideSolutionNode = FALSE
	EndGlobalSection
	GlobalSection(ExtensibilityGlobals) = postSolution
		SolutionGuid = {1C36BC11-003C-4E46-B197-7A4EE97A846E}
	EndGlobalSection
EndGlobal
